
Microsoft Visual Studio Solution File, Format Version 12.00
Project("{FAE04EC0-301F-11D3-BF4B-00C04F79EFBC}") = "UkiRggRandomizer", "UkiRggRandomizer\UkiRggRandomizer.csproj", "{649A5B2C-86BB-4F3F-9267-7663A30393A4}"
EndProject
Project("{FAE04EC0-301F-11D3-BF4B-00C04F79EFBC}") = "UkiRggRandomizer.Tests", "UkiRggRandomizer.Tests\UkiRggRandomizer.Tests.csproj", "{E91C7455-C712-4151-B8A5-4AEF4313715C}"
EndProject
Global
	GlobalSection(SolutionConfigurationPlatforms) = preSolution
		Debug|Any CPU = Debug|Any CPU
		Release|Any CPU = Release|Any CPU
	EndGlobalSection
	GlobalSection(ProjectConfigurationPlatforms) = postSolution
		{649A5B2C-86BB-4F3F-9267-7663A30393A4}.Debug|Any CPU.ActiveCfg = Debug|Any CPU
		{649A5B2C-86BB-4F3F-9267-7663A30393A4}.Debug|Any CPU.Build.0 = Debug|Any CPU
		{649A5B2C-86BB-4F3F-9267-7663A30393A4}.Release|Any CPU.ActiveCfg = Release|Any CPU
		{649A5B2C-86BB-4F3F-9267-7663A30393A4}.Release|Any CPU.Build.0 = Release|Any CPU
		{E91C7455-C712-4151-B8A5-4AEF4313715C}.Debug|Any CPU.ActiveCfg = Debug|Any CPU
		{E91C7455-C712-4151-B8A5-4AEF4313715C}.Debug|Any CPU.Build.0 = Debug|Any CPU
		{E91C7455-C712-4151-B8A5-4AEF4313715C}.Release|Any CPU.ActiveCfg = Release|Any CPU
		{E91C7455-C712-4151-B8A5-4AEF4313715C}.Release|Any CPU.Build.0 = Release|Any CPU
	EndGlobalSection
EndGlobal
